// !$*UTF8*$!
{
	archiveVersion = 1;
	classes = {
	};
	objectVersion = 50;
	objects = {

/* Begin PBXBuildFile section */
		539E28C7240EE2B900D51250 /* AppDelegate.swift in Sources */ = {isa = PBXBuildFile; fileRef = 539E28C6240EE2B900D51250 /* AppDelegate.swift */; };
		539E28C9240EE2B900D51250 /* SceneDelegate.swift in Sources */ = {isa = PBXBuildFile; fileRef = 539E28C8240EE2B900D51250 /* SceneDelegate.swift */; };
		539E28CB240EE2B900D51250 /* MasterViewController.swift in Sources */ = {isa = PBXBuildFile; fileRef = 539E28CA240EE2B900D51250 /* MasterViewController.swift */; };
		539E28CD240EE2B900D51250 /* DetailViewController.swift in Sources */ = {isa = PBXBuildFile; fileRef = 539E28CC240EE2B900D51250 /* DetailViewController.swift */; };
		539E28D0240EE2B900D51250 /* Main.storyboard in Resources */ = {isa = PBXBuildFile; fileRef = 539E28CE240EE2B900D51250 /* Main.storyboard */; };
		539E28D2240EE2C100D51250 /* Assets.xcassets in Resources */ = {isa = PBXBuildFile; fileRef = 539E28D1240EE2C100D51250 /* Assets.xcassets */; };
		539E28D5240EE2C100D51250 /* LaunchScreen.storyboard in Resources */ = {isa = PBXBuildFile; fileRef = 539E28D3240EE2C100D51250 /* LaunchScreen.storyboard */; };
/* End PBXBuildFile section */

/* Begin PBXFileReference section */
		539E28C3240EE2B900D51250 /* Final Project Name.app */ = {isa = PBXFileReference; explicitFileType = wrapper.application; includeInIndex = 0; path = "Final Project Name.app"; sourceTree = BUILT_PRODUCTS_DIR; };
		539E28C6240EE2B900D51250 /* AppDelegate.swift */ = {isa = PBXFileReference; lastKnownFileType = sourcecode.swift; path = AppDelegate.swift; sourceTree = "<group>"; };
		539E28C8240EE2B900D51250 /* SceneDelegate.swift */ = {isa = PBXFileReference; lastKnownFileType = sourcecode.swift; path = SceneDelegate.swift; sourceTree = "<group>"; };
		539E28CA240EE2B900D51250 /* MasterViewController.swift */ = {isa = PBXFileReference; lastKnownFileType = sourcecode.swift; path = MasterViewController.swift; sourceTree = "<group>"; };
		539E28CC240EE2B900D51250 /* DetailViewController.swift */ = {isa = PBXFileReference; lastKnownFileType = sourcecode.swift; path = DetailViewController.swift; sourceTree = "<group>"; };
		539E28CF240EE2B900D51250 /* Base */ = {isa = PBXFileReference; lastKnownFileType = file.storyboard; name = Base; path = Base.lproj/Main.storyboard; sourceTree = "<group>"; };
		539E28D1240EE2C100D51250 /* Assets.xcassets */ = {isa = PBXFileReference; lastKnownFileType = folder.assetcatalog; path = Assets.xcassets; sourceTree = "<group>"; };
		539E28D4240EE2C100D51250 /* Base */ = {isa = PBXFileReference; lastKnownFileType = file.storyboard; name = Base; path = Base.lproj/LaunchScreen.storyboard; sourceTree = "<group>"; };
		539E28D6240EE2C100D51250 /* Info.plist */ = {isa = PBXFileReference; lastKnownFileType = text.plist.xml; path = Info.plist; sourceTree = "<group>"; };
/* End PBXFileReference section */

/* Begin PBXFrameworksBuildPhase section */
		539E28C0240EE2B900D51250 /* Frameworks */ = {
			isa = PBXFrameworksBuildPhase;
			buildActionMask = 2147483647;
			files = (
			);
			runOnlyForDeploymentPostprocessing = 0;
		};
/* End PBXFrameworksBuildPhase section */

/* Begin PBXGroup section */
		539E28BA240EE2B900D51250 = {
			isa = PBXGroup;
			children = (
				539E28C5240EE2B900D51250 /* Final Project Name */,
				539E28C4240EE2B900D51250 /* Products */,
			);
			sourceTree = "<group>";
		};
		539E28C4240EE2B900D51250 /* Products */ = {
			isa = PBXGroup;
			children = (
				539E28C3240EE2B900D51250 /* Final Project Name.app */,
			);
			name = Products;
			sourceTree = "<group>";
		};
		539E28C5240EE2B900D51250 /* Final Project Name */ = {
			isa = PBXGroup;
			children = (
				539E28C6240EE2B900D51250 /* AppDelegate.swift */,
				539E28C8240EE2B900D51250 /* SceneDelegate.swift */,
				539E28CA240EE2B900D51250 /* MasterViewController.swift */,
				539E28CC240EE2B900D51250 /* DetailViewController.swift */,
				539E28CE240EE2B900D51250 /* Main.storyboard */,
				539E28D1240EE2C100D51250 /* Assets.xcassets */,
				539E28D3240EE2C100D51250 /* LaunchScreen.storyboard */,
				539E28D6240EE2C100D51250 /* Info.plist */,
			);
			path = "Final Project Name";
			sourceTree = "<group>";
		};
/* End PBXGroup section */

/* Begin PBXNativeTarget section */
		539E28C2240EE2B900D51250 /* Final Project Name */ = {
			isa = PBXNativeTarget;
			buildConfigurationList = 539E28D9240EE2C100D51250 /* Build configuration list for PBXNativeTarget "Final Project Name" */;
			buildPhases = (
				539E28BF240EE2B900D51250 /* Sources */,
				539E28C0240EE2B900D51250 /* Frameworks */,
				539E28C1240EE2B900D51250 /* Resources */,
			);
			buildRules = (
			);
			dependencies = (
			);
			name = "Final Project Name";
			productName = "Final Project Name";
			productReference = 539E28C3240EE2B900D51250 /* Final Project Name.app */;
			productType = "com.apple.product-type.application";
		};
/* End PBXNativeTarget section */

/* Begin PBXProject section */
		539E28BB240EE2B900D51250 /* Project object */ = {
			isa = PBXProject;
			attributes = {
				LastSwiftUpdateCheck = 1130;
				LastUpgradeCheck = 1130;
				ORGANIZATIONNAME = "Katie Cederdahl";
				TargetAttributes = {
					539E28C2240EE2B900D51250 = {
						CreatedOnToolsVersion = 11.3.1;
					};
				};
			};
			buildConfigurationList = 539E28BE240EE2B900D51250 /* Build configuration list for PBXProject "Final Project Name" */;
			compatibilityVersion = "Xcode 9.3";
			developmentRegion = en;
			hasScannedForEncodings = 0;
			knownRegions = (
				en,
				Base,
			);
			mainGroup = 539E28BA240EE2B900D51250;
			productRefGroup = 539E28C4240EE2B900D51250 /* Products */;
			projectDirPath = "";
			projectRoot = "";
			targets = (
				539E28C2240EE2B900D51250 /* Final Project Name */,
			);
		};
/* End PBXProject section */

/* Begin PBXResourcesBuildPhase section */
		539E28C1240EE2B900D51250 /* Resources */ = {
			isa = PBXResourcesBuildPhase;
			buildActionMask = 2147483647;
			files = (
				539E28D5240EE2C100D51250 /* LaunchScreen.storyboard in Resources */,
				539E28D2240EE2C100D51250 /* Assets.xcassets in Resources */,
				539E28D0240EE2B900D51250 /* Main.storyboard in Resources */,
			);
			runOnlyForDeploymentPostprocessing = 0;
		};
/* End PBXResourcesBuildPhase section */

/* Begin PBXSourcesBuildPhase section */
		539E28BF240EE2B900D51250 /* Sources */ = {
			isa = PBXSourcesBuildPhase;
			buildActionMask = 2147483647;
			files = (
				539E28C7240EE2B900D51250 /* AppDelegate.swift in Sources */,
				539E28C9240EE2B900D51250 /* SceneDelegate.swift in Sources */,
				539E28CB240EE2B900D51250 /* MasterViewController.swift in Sources */,
				539E28CD240EE2B900D51250 /* DetailViewController.swift in Sources */,
			);
			runOnlyForDeploymentPostprocessing = 0;
		};
/* End PBXSourcesBuildPhase section */

/* Begin PBXVariantGroup section */
		539E28CE240EE2B900D51250 /* Main.storyboard */ = {
			isa = PBXVariantGroup;
			children = (
				539E28CF240EE2B900D51250 /* Base */,
			);
			name = Main.storyboard;
			sourceTree = "<group>";
		};
		539E28D3240EE2C100D51250 /* LaunchScreen.storyboard */ = {
			isa = PBXVariantGroup;
			children = (
				539E28D4240EE2C100D51250 /* Base */,
			);
			name = LaunchScreen.storyboard;
			sourceTree = "<group>";
		};
/* End PBXVariantGroup section */

/* Begin XCBuildConfiguration section */
		539E28D7240EE2C100D51250 /* Debug */ = {
			isa = XCBuildConfiguration;
			buildSettings = {
				ALWAYS_SEARCH_USER_PATHS = NO;
				CLANG_ANALYZER_NONNULL = YES;
				CLANG_ANALYZER_NUMBER_OBJECT_CONVERSION = YES_AGGRESSIVE;
				CLANG_CXX_LANGUAGE_STANDARD = "gnu++14";
				CLANG_CXX_LIBRARY = "libc++";
				CLANG_ENABLE_MODULES = YES;
				CLANG_ENABLE_OBJC_ARC = YES;
				CLANG_ENABLE_OBJC_WEAK = YES;
				CLANG_WARN_BLOCK_CAPTURE_AUTORELEASING = YES;
				CLANG_WARN_BOOL_CONVERSION = YES;
				CLANG_WARN_COMMA = YES;
				CLANG_WARN_CONSTANT_CONVERSION = YES;
				CLANG_WARN_DEPRECATED_OBJC_IMPLEMENTATIONS = YES;
				CLANG_WARN_DIRECT_OBJC_ISA_USAGE = YES_ERROR;
				CLANG_WARN_DOCUMENTATION_COMMENTS = YES;
				CLANG_WARN_EMPTY_BODY = YES;
				CLANG_WARN_ENUM_CONVERSION = YES;
				CLANG_WARN_INFINITE_RECURSION = YES;
				CLANG_WARN_INT_CONVERSION = YES;
				CLANG_WARN_NON_LITERAL_NULL_CONVERSION = YES;
				CLANG_WARN_OBJC_IMPLICIT_RETAIN_SELF = YES;
				CLANG_WARN_OBJC_LITERAL_CONVERSION = YES;
				CLANG_WARN_OBJC_ROOT_CLASS = YES_ERROR;
				CLANG_WARN_RANGE_LOOP_ANALYSIS = YES;
				CLANG_WARN_STRICT_PROTOTYPES = YES;
				CLANG_WARN_SUSPICIOUS_MOVE = YES;
				CLANG_WARN_UNGUARDED_AVAILABILITY = YES_AGGRESSIVE;
				CLANG_WARN_UNREACHABLE_CODE = YES;
				CLANG_WARN__DUPLICATE_METHOD_MATCH = YES;
				COPY_PHASE_STRIP = NO;
				DEBUG_INFORMATION_FORMAT = dwarf;
				ENABLE_STRICT_OBJC_MSGSEND = YES;
				ENABLE_TESTABILITY = YES;
				GCC_C_LANGUAGE_STANDARD = gnu11;
				GCC_DYNAMIC_NO_PIC = NO;
				GCC_NO_COMMON_BLOCKS = YES;
				GCC_OPTIMIZATION_LEVEL = 0;
				GCC_PREPROCESSOR_DEFINITIONS = (
					"DEBUG=1",
					"$(inherited)",
				);
				GCC_WARN_64_TO_32_BIT_CONVERSION = YES;
				GCC_WARN_ABOUT_RETURN_TYPE = YES_ERROR;
				GCC_WARN_UNDECLARED_SELECTOR = YES;
				GCC_WARN_UNINITIALIZED_AUTOS = YES_AGGRESSIVE;
				GCC_WARN_UNUSED_FUNCTION = YES;
				GCC_WARN_UNUSED_VARIABLE = YES;
				IPHONEOS_DEPLOYMENT_TARGET = 13.2;
				MTL_ENABLE_DEBUG_INFO = INCLUDE_SOURCE;
				MTL_FAST_MATH = YES;
				ONLY_ACTIVE_ARCH = YES;
				SDKROOT = iphoneos;
				SWIFT_ACTIVE_COMPILATION_CONDITIONS = DEBUG;
				SWIFT_OPTIMIZATION_LEVEL = "-Onone";
			};
			name = Debug;
		};
		539E28D8240EE2C100D51250 /* Release */ = {
			isa = XCBuildConfiguration;
			buildSettings = {
				ALWAYS_SEARCH_USER_PATHS = NO;
				CLANG_ANALYZER_NONNULL = YES;
				CLANG_ANALYZER_NUMBER_OBJECT_CONVERSION = YES_AGGRESSIVE;
				CLANG_CXX_LANGUAGE_STANDARD = "gnu++14";
				CLANG_CXX_LIBRARY = "libc++";
				CLANG_ENABLE_MODULES = YES;
				CLANG_ENABLE_OBJC_ARC = YES;
				CLANG_ENABLE_OBJC_WEAK = YES;
				CLANG_WARN_BLOCK_CAPTURE_AUTORELEASING = YES;
				CLANG_WARN_BOOL_CONVERSION = YES;
				CLANG_WARN_COMMA = YES;
				CLANG_WARN_CONSTANT_CONVERSION = YES;
				CLANG_WARN_DEPRECATED_OBJC_IMPLEMENTATIONS = YES;
				CLANG_WARN_DIRECT_OBJC_ISA_USAGE = YES_ERROR;
				CLANG_WARN_DOCUMENTATION_COMMENTS = YES;
				CLANG_WARN_EMPTY_BODY = YES;
				CLANG_WARN_ENUM_CONVERSION = YES;
				CLANG_WARN_INFINITE_RECURSION = YES;
				CLANG_WARN_INT_CONVERSION = YES;
				CLANG_WARN_NON_LITERAL_NULL_CONVERSION = YES;
				CLANG_WARN_OBJC_IMPLICIT_RETAIN_SELF = YES;
				CLANG_WARN_OBJC_LITERAL_CONVERSION = YES;
				CLANG_WARN_OBJC_ROOT_CLASS = YES_ERROR;
				CLANG_WARN_RANGE_LOOP_ANALYSIS = YES;
				CLANG_WARN_STRICT_PROTOTYPES = YES;
				CLANG_WARN_SUSPICIOUS_MOVE = YES;
				CLANG_WARN_UNGUARDED_AVAILABILITY = YES_AGGRESSIVE;
				CLANG_WARN_UNREACHABLE_CODE = YES;
				CLANG_WARN__DUPLICATE_METHOD_MATCH = YES;
				COPY_PHASE_STRIP = NO;
				DEBUG_INFORMATION_FORMAT = "dwarf-with-dsym";
				ENABLE_NS_ASSERTIONS = NO;
				ENABLE_STRICT_OBJC_MSGSEND = YES;
				GCC_C_LANGUAGE_STANDARD = gnu11;
				GCC_NO_COMMON_BLOCKS = YES;
				GCC_WARN_64_TO_32_BIT_CONVERSION = YES;
				GCC_WARN_ABOUT_RETURN_TYPE = YES_ERROR;
				GCC_WARN_UNDECLARED_SELECTOR = YES;
				GCC_WARN_UNINITIALIZED_AUTOS = YES_AGGRESSIVE;
				GCC_WARN_UNUSED_FUNCTION = YES;
				GCC_WARN_UNUSED_VARIABLE = YES;
				IPHONEOS_DEPLOYMENT_TARGET = 13.2;
				MTL_ENABLE_DEBUG_INFO = NO;
				MTL_FAST_MATH = YES;
				SDKROOT = iphoneos;
				SWIFT_COMPILATION_MODE = wholemodule;
				SWIFT_OPTIMIZATION_LEVEL = "-O";
				VALIDATE_PRODUCT = YES;
			};
			name = Release;
		};
		539E28DA240EE2C100D51250 /* Debug */ = {
			isa = XCBuildConfiguration;
			buildSettings = {
				ASSETCATALOG_COMPILER_APPICON_NAME = AppIcon;
				CODE_SIGN_STYLE = Automatic;
				DEVELOPMENT_TEAM = 3CNNLN5V9J;
				INFOPLIST_FILE = "Final Project Name/Info.plist";
				LD_RUNPATH_SEARCH_PATHS = (
					"$(inherited)",
					"@executable_path/Frameworks",
				);
				PRODUCT_BUNDLE_IDENTIFIER = "CS458FinalProject.Final-Project-Name";
				PRODUCT_NAME = "$(TARGET_NAME)";
				SWIFT_VERSION = 5.0;
				TARGETED_DEVICE_FAMILY = "1,2";
			};
			name = Debug;
		};
		539E28DB240EE2C100D51250 /* Release */ = {
			isa = XCBuildConfiguration;
			buildSettings = {
				ASSETCATALOG_COMPILER_APPICON_NAME = AppIcon;
				CODE_SIGN_STYLE = Automatic;
				DEVELOPMENT_TEAM = 3CNNLN5V9J;
				INFOPLIST_FILE = "Final Project Name/Info.plist";
				LD_RUNPATH_SEARCH_PATHS = (
					"$(inherited)",
					"@executable_path/Frameworks",
				);
				PRODUCT_BUNDLE_IDENTIFIER = "CS458FinalProject.Final-Project-Name";
				PRODUCT_NAME = "$(TARGET_NAME)";
				SWIFT_VERSION = 5.0;
				TARGETED_DEVICE_FAMILY = "1,2";
			};
			name = Release;
		};
/* End XCBuildConfiguration section */

/* Begin XCConfigurationList section */
		539E28BE240EE2B900D51250 /* Build configuration list for PBXProject "Final Project Name" */ = {
			isa = XCConfigurationList;
			buildConfigurations = (
				539E28D7240EE2C100D51250 /* Debug */,
				539E28D8240EE2C100D51250 /* Release */,
			);
			defaultConfigurationIsVisible = 0;
			defaultConfigurationName = Release;
		};
		539E28D9240EE2C100D51250 /* Build configuration list for PBXNativeTarget "Final Project Name" */ = {
			isa = XCConfigurationList;
			buildConfigurations = (
				539E28DA240EE2C100D51250 /* Debug */,
				539E28DB240EE2C100D51250 /* Release */,
			);
			defaultConfigurationIsVisible = 0;
			defaultConfigurationName = Release;
		};
/* End XCConfigurationList section */
	};
	rootObject = 539E28BB240EE2B900D51250 /* Project object */;
}
